# Generated by `skillordeal lock`. Do not edit by hand.
lock_version: 1
trial: 2026-09-secure-coding-audit
trial_hash: 01fcca72feb4d08a6032c681c16a800e0fdb776589e8814a688a8c706b7595ae
engine:
  name: skillordeal
  version: 0.1.1
image:
  ref: ghcr.io/thereisnotime/skillordeal-runner:v0.1.1
  id: 819ae9ea1b12c8ae2c48e6f6812225cbcc3c283c71a1e14f1b9f1efdb9266425
  digest: sha256:3b70b0ff01291bd5dc55f799f01ee4dceb69fbf60c435552bf990a5f1f9744fe
  cli_version: 2.1.280
  builtins:
    skills:
    - design
    - doctor
    plugins:
    - telemetry
runtime:
  cli_name: claude-code
  cli_version: 2.1.280
  auth_mode: oauth
  limits:
    cpus: 2.0
    memory: 4g
    pids: 1024
    timeout_s: 1800
    max_total_tokens: 4000000
    max_output_tokens: null
    max_turns: 250
  network:
    mode: allowlist
    allow:
    - api.anthropic.com
    internal_network: skillordeal-internal
models:
- id: claude-opus-4-8
  effort: high
  max_budget_usd: 5.0
judge:
  id: claude-sonnet-5
  effort: null
  max_budget_usd: 2.0
reps: 3
invocation: forced
findings_schema_sha256: 5edc9b0e3f87499dea5838fb4c08bbeea65cbcd732cab5a33f1ab68466e172f1
contenders:
  baseline:
    kind: baseline
    repo: null
    ref: null
    sha: null
    path: null
    local_git: null
    subpath: ''
    config_hash: eb201db4787a63dea609ebd3559854c39b92de7555c35368f02a5c7b0d4bd9e5
    skill_name: null
    expected_skills: []
    tree_hash: e3b0c44298fc1c149afbf4c8996fb92427ae41e4649b934ca495991b7852b855
    run_hash: 9d1fc28941d0773e84044bd7edae99c6c4baa8614a42de6b03cec355d2aa23e4
  cf-security-audit:
    kind: skill
    repo: https://github.com/cloudflare/security-audit-skill
    ref: c1c8a8c1471069fb0e188eeaff69b8e8db6564a8
    sha: c1c8a8c1471069fb0e188eeaff69b8e8db6564a8
    path: null
    local_git: null
    subpath: skills/security-audit
    config_hash: bc79e840c30da1714c1a0ce20aec984439a6367859f22579999e25e7a29dd323
    stripped:
    - validate-findings.test.cjs
    - validate-findings.cjs
    - validate-coverage-ledger.test.cjs
    - validate-coverage-ledger.cjs
    skill_name: ordeal:security-audit
    plugin_name: ordeal
    expected_skills:
    - ordeal:security-audit
    tree_hash: 120372a7ba3c92d0282e4d7e34621d434cd9dbb0f5a7cb7eb146b9af09e876e8
    run_hash: 933027868db1ed0f0833831c4352700242330c0b8dc8d20b7421ba53f7c55198
  sentry-security-review:
    kind: skill
    repo: https://github.com/getsentry/skills
    ref: c2f99a5b04b4cd992ec3022d7c2c3e23e938d241
    sha: c2f99a5b04b4cd992ec3022d7c2c3e23e938d241
    path: null
    local_git: null
    subpath: skills/security-review
    config_hash: ee1307b3d347a73fee0d34e13819c55f0cef5c18a0b9b04178913f0d1c64f969
    stripped: []
    skill_name: ordeal:security-review
    plugin_name: ordeal
    expected_skills:
    - ordeal:security-review
    tree_hash: fc95137024d9afb8640bf4e21433d71a58d5f2b45f13ec7fa80e96f1f1931933
    run_hash: 1cc5a66f4b989dedfb5175199e68bee7d83510ace3c769cf87610f301470425b
  sentry-code-review:
    kind: skill
    repo: https://github.com/getsentry/skills
    ref: c2f99a5b04b4cd992ec3022d7c2c3e23e938d241
    sha: c2f99a5b04b4cd992ec3022d7c2c3e23e938d241
    path: null
    local_git: null
    subpath: skills/code-review
    config_hash: 7c2ff6d294e9caaad594a919fa643fd8f076cdc199dfcb481c95a0beaf4e3509
    stripped: []
    skill_name: ordeal:code-review
    plugin_name: ordeal
    expected_skills:
    - ordeal:code-review
    tree_hash: 5c255fcde36c5f625dfe77895f3d7b67466ef22618b071a0891e06a24fae9ced
    run_hash: 92ff60790b565fc891f5aca9c046423c930cf3edf57dada1eb1f55a8837a9ee9
  openai-security-best-practices:
    kind: skill
    repo: https://github.com/openai/skills
    ref: 49f948faa9258a0c61caceaf225e179651397431
    sha: 49f948faa9258a0c61caceaf225e179651397431
    path: null
    local_git: null
    subpath: skills/.curated/security-best-practices
    config_hash: ea96afa01976a872a0eb104a49279d6f2458c956319e7c97317a1bbd1125604e
    stripped: []
    skill_name: ordeal:security-best-practices
    plugin_name: ordeal
    expected_skills:
    - ordeal:security-best-practices
    tree_hash: 6cfeb427186a9376496d8ccba2fb047a38b2aacd5b6d68dbfb5c29726c47833c
    run_hash: 936870ac5a4507852078571c108ccf19d473c43fb49f40dd7f3735beca26ba8f
  ecc-security-review:
    kind: skill
    repo: https://github.com/affaan-m/ECC
    ref: bf70150eb2df8070024e5bdf08e4aa08959e2735
    sha: bf70150eb2df8070024e5bdf08e4aa08959e2735
    path: null
    local_git: null
    subpath: skills/security-review
    config_hash: f5f6aaa6ec000025975136885210d6aae15773334cd9bd9d1b9d5336d6e04fd5
    stripped: []
    skill_name: ordeal:security-review
    plugin_name: ordeal
    expected_skills:
    - ordeal:security-review
    tree_hash: bd79ab59a6a8b4f372ba167bfe8134dc5d20b074d3b58ab5f2e1954aedb4e0e2
    run_hash: 0b607e6ecacd096edb0b3d54d0ebd754db134ae199fac8cad669003a22cdba38
  samber-golang-security:
    kind: skill
    repo: https://github.com/samber/cc-skills-golang
    ref: 19a0626ae8565d27a7b7bdf59d8d99d94d7e284c
    sha: 19a0626ae8565d27a7b7bdf59d8d99d94d7e284c
    path: null
    local_git: null
    subpath: skills/golang-security
    config_hash: f5f50b90e6a65bd4bf482a6c57063605d696ac4429da449e8144e7d8d1e0798b
    stripped: []
    skill_name: ordeal:golang-security
    plugin_name: ordeal
    expected_skills:
    - ordeal:golang-security
    tree_hash: 5e050c88b9d81a45fb5eee73a2ceb15854d82213ad976653fbbe7d97d4bcee6c
    run_hash: e003b11fc5ed564254ee711fab946b1fe4f8bbd74568b6eef07ec475930c54ee
  tob-sharp-edges:
    kind: plugin
    repo: https://github.com/trailofbits/skills
    ref: 32e34f8173796e3566a51aee877dc96bc5191f64
    sha: 32e34f8173796e3566a51aee877dc96bc5191f64
    path: null
    local_git: null
    subpath: plugins/sharp-edges
    config_hash: e223b33bcf986ca2cb437e04b64e29aba879d93473067b7faaff320435ad5e90
    stripped: []
    skill_name: sharp-edges:sharp-edges
    plugin_name: sharp-edges
    expected_skills:
    - sharp-edges:sharp-edges
    tree_hash: 59143e34078cb81c0d28067fa0bcc6695ace86c38c510012dc6300a6a4d6c859
    run_hash: ead76e7f68df0483050ab0276054217f64557a53c9b6cda8953d11c6a3c85ddd
  tob-differential-review:
    kind: plugin
    repo: https://github.com/trailofbits/skills
    ref: 32e34f8173796e3566a51aee877dc96bc5191f64
    sha: 32e34f8173796e3566a51aee877dc96bc5191f64
    path: null
    local_git: null
    subpath: plugins/differential-review
    config_hash: f7388bf074e35b0c5c6a5a66c139862829324261bf94941f861127c1233dfbc3
    stripped: []
    skill_name: differential-review:differential-review
    plugin_name: differential-review
    expected_skills:
    - differential-review:differential-review
    tree_hash: a95a90633bbc81da0bd0727e324bb2e05bbc238e8736e91ddb828ee08093eb4b
    run_hash: b47e29e31e07bf963db79fc41f5f58e7cd21fa0936053320d3a746ded59f7d02
  anthropic-security-review-cmd:
    kind: prompt
    repo: https://github.com/anthropics/claude-code-security-review
    ref: 0c6a49f1fa56a1d472575da86a94dbc1edb78eda
    sha: 0c6a49f1fa56a1d472575da86a94dbc1edb78eda
    path: null
    local_git: null
    subpath: .claude/commands/security-review.md
    config_hash: 0683ca979efd20a9962e9f87b2589f6bf50bc3a86039152af256bbc1d03e1c41
    stripped: []
    wrapped: true
    skill_name: ordeal:anthropic-security-review-cmd
    plugin_name: ordeal
    expected_skills:
    - ordeal:anthropic-security-review-cmd
    tree_hash: 8530ca77066aaaf762d57e0faf6bbe879b3d6e426a9e5a62e2afe00f9e21f48b
    run_hash: 8bc7047e4cc2a3e4f3aa78de667d084e08e5cda8965dd4253e1b27bd51d5f50e
  every-ce-security-reviewer:
    kind: prompt
    repo: https://github.com/EveryInc/compound-engineering-plugin
    ref: 4fbabcd32b6ca7d8ebb82f15840fe34ef7562a64
    sha: 4fbabcd32b6ca7d8ebb82f15840fe34ef7562a64
    path: null
    local_git: null
    subpath: skills/ce-code-review/references/personas/security-reviewer.md
    config_hash: 718c5805673d33078dd559a213bdb578a78ff8874712502bbd22694b28f538d4
    stripped: []
    wrapped: true
    skill_name: ordeal:every-ce-security-reviewer
    plugin_name: ordeal
    expected_skills:
    - ordeal:every-ce-security-reviewer
    tree_hash: 2a488284128f94f5b273b4cae70885672b187aa36a8ee9ec591f4b90d5caab21
    run_hash: 8e45f0194054ad34373001044658b571fc90267b1b09bbe98770f4ecd4e6fb3a
  neolab-security-auditor:
    kind: prompt
    repo: https://github.com/NeoLabHQ/context-engineering-kit
    ref: 23e2428e809d77717f8acc9659c374a3a1fcb93e
    sha: 23e2428e809d77717f8acc9659c374a3a1fcb93e
    path: null
    local_git: null
    subpath: plugins/review/agents/security-auditor.md
    config_hash: 30bc524beafe145fb047cb9bc552c4f84241890d3a7737a73f46b6409dcbbb84
    stripped: []
    wrapped: true
    skill_name: ordeal:neolab-security-auditor
    plugin_name: ordeal
    expected_skills:
    - ordeal:neolab-security-auditor
    tree_hash: 07e3c5815db80e0319215caf1ce12a8bc04506f1ec117fe332890c8e881f12fc
    run_hash: a788585c8cc02650911ed15d43fc61ce17f9d7e0c7caf331fcf70ed5af59a43d
arenas:
  dvpwa:
    repo: https://github.com/anxolerd/dvpwa
    ref: a1d8f89fac2e57093189853c6527c2b01fc1d9c1
    sha: a1d8f89fac2e57093189853c6527c2b01fc1d9c1
    config_hash: a9fbd34f5c826d2fa64c99d3c11d2dc4e456cfdaf9de21868205f5948d35cc13
    run_hash: a5b2ec229125f4fe334a10c48dc2c1a00b484c75be254c7d56bbfa312669a2f0
    groundtruth:
      file: groundtruth.yaml
      sha256: b380497b4fc16ff09dc12b419022fd5c58b8b8ddc39ae72afe495df87962fad5
  warpgate-operator:
    repo: https://github.com/thereisnotime/warpgate-operator
    ref: warpgate-operator-v0.4.11
    sha: b31dfff6595115435dbf7411504188edfd8de9a8
    config_hash: 2e697950257f5a657cffd4e184eb1da138c1b8cea9d6b10517a2c11c5190385a
    run_hash: b86d34485aaf740692f4db6d030d5de6b7241850c044520f648d255db0e7265b
    groundtruth: null
tasks:
  security-audit:
    prompt_sha256: 9a60d91878b5dbc81f84a4fb1a3efe4e84f6d3d94ae88ad67abbddbfc4e7b6c9
    config_hash: 8b22e1b0837cc5c049d8094c8a1b81675c047c8d1613c9c45ab39edc4287ca70
lock_hash: aa7433cb163bba3e09d8f3799123643470182d92ce2e8819e0173db996481d02
created_at: '2026-09-23T06:11:43+00:00'
